
Microsoft Visual Studio Solution File, Format Version 12.00
# Visual Studio Version 17
VisualStudioVersion = 17.2.32616.157
MinimumVisualStudioVersion = 10.0.40219.1
Project("{2150E333-8FDC-42A3-9474-1A3956D46DE8}") = "src", "src", "{C9FC8A5B-63FC-46AF-AEA4-0BE4012C5968}"
EndProject
Project("{2150E333-8FDC-42A3-9474-1A3956D46DE8}") = "Api", "Api", "{DBEE7C96-B488-4B0C-9842-16A321703647}"
EndProject
Project("{2150E333-8FDC-42A3-9474-1A3956D46DE8}") = "Client", "Client", "{8FD8E73B-B063-43C6-B845-B63740807B59}"
EndProject
Project("{2150E333-8FDC-42A3-9474-1A3956D46DE8}") = "Projections", "Projections", "{4C4C94B6-4C49-46D2-AB87-A962B4787595}"
EndProject
Project("{2150E333-8FDC-42A3-9474-1A3956D46DE8}") = "Test", "Test", "{B7E384A1-298C-4C70-87B7-F2FB9E927723}"
EndProject
Project("{2150E333-8FDC-42A3-9474-1A3956D46DE8}") = "Business", "Business", "{421C1748-FD54-4D72-AC20-1F45821904DE}"
EndProject
Project("{2150E333-8FDC-42A3-9474-1A3956D46DE8}") = "Core", "Core", "{91C7068D-9A37-44EA-AAB2-9BA1545DDCD4}"
EndProject
Project("{2150E333-8FDC-42A3-9474-1A3956D46DE8}") = "Presentation", "Presentation", "{ADFDA1E5-7F3F-4F50-ADAD-DDCFC76266D9}"
EndProject
Project("{FAE04EC0-301F-11D3-BF4B-00C04F79EFBC}") = "BackGroundJobs", "BackGroundJobs\BackGroundJobs.csproj", "{E150B26E-95BF-45AF-AB9F-189B342EEDFD}"
EndProject
Project("{FAE04EC0-301F-11D3-BF4B-00C04F79EFBC}") = "Cache", "Cache\Cache.csproj", "{9245937A-468E-490F-AC94-65446506C33D}"
EndProject
Project("{FAE04EC0-301F-11D3-BF4B-00C04F79EFBC}") = "BeFastTest", "BeFastTest\BeFastTest.csproj", "{DC54CB3F-B52B-4973-8F07-AF7CBF8297C1}"
EndProject
Project("{FAE04EC0-301F-11D3-BF4B-00C04F79EFBC}") = "Business", "Business\Business.csproj", "{F77588E0-906D-4C7F-85BA-547E3F93D3C6}"
EndProject
Project("{FAE04EC0-301F-11D3-BF4B-00C04F79EFBC}") = "Entity", "Entity\Entity.csproj", "{7567614F-9A75-44A6-A5CC-53E9661952C0}"
EndProject
Project("{FAE04EC0-301F-11D3-BF4B-00C04F79EFBC}") = "DataAccess", "DataAccess\DataAccess.csproj", "{6A04AF01-9C12-41FF-90B2-01E921CE4C71}"
EndProject
Project("{FAE04EC0-301F-11D3-BF4B-00C04F79EFBC}") = "WebApp", "WebApp\WebApp.csproj", "{B382EA58-DA4D-4083-9268-85E5EEDD2602}"
EndProject
Global
	GlobalSection(SolutionConfigurationPlatforms) = preSolution
		Debug|Any CPU = Debug|Any CPU
		Release|Any CPU = Release|Any CPU
	EndGlobalSection
	GlobalSection(ProjectConfigurationPlatforms) = postSolution
		{E150B26E-95BF-45AF-AB9F-189B342EEDFD}.Debug|Any CPU.ActiveCfg = Debug|Any CPU
		{E150B26E-95BF-45AF-AB9F-189B342EEDFD}.Debug|Any CPU.Build.0 = Debug|Any CPU
		{E150B26E-95BF-45AF-AB9F-189B342EEDFD}.Release|Any CPU.ActiveCfg = Release|Any CPU
		{E150B26E-95BF-45AF-AB9F-189B342EEDFD}.Release|Any CPU.Build.0 = Release|Any CPU
		{9245937A-468E-490F-AC94-65446506C33D}.Debug|Any CPU.ActiveCfg = Debug|Any CPU
		{9245937A-468E-490F-AC94-65446506C33D}.Debug|Any CPU.Build.0 = Debug|Any CPU
		{9245937A-468E-490F-AC94-65446506C33D}.Release|Any CPU.ActiveCfg = Release|Any CPU
		{9245937A-468E-490F-AC94-65446506C33D}.Release|Any CPU.Build.0 = Release|Any CPU
		{DC54CB3F-B52B-4973-8F07-AF7CBF8297C1}.Debug|Any CPU.ActiveCfg = Debug|Any CPU
		{DC54CB3F-B52B-4973-8F07-AF7CBF8297C1}.Debug|Any CPU.Build.0 = Debug|Any CPU
		{DC54CB3F-B52B-4973-8F07-AF7CBF8297C1}.Release|Any CPU.ActiveCfg = Release|Any CPU
		{DC54CB3F-B52B-4973-8F07-AF7CBF8297C1}.Release|Any CPU.Build.0 = Release|Any CPU
		{F77588E0-906D-4C7F-85BA-547E3F93D3C6}.Debug|Any CPU.ActiveCfg = Debug|Any CPU
		{F77588E0-906D-4C7F-85BA-547E3F93D3C6}.Debug|Any CPU.Build.0 = Debug|Any CPU
		{F77588E0-906D-4C7F-85BA-547E3F93D3C6}.Release|Any CPU.ActiveCfg = Release|Any CPU
		{F77588E0-906D-4C7F-85BA-547E3F93D3C6}.Release|Any CPU.Build.0 = Release|Any CPU
		{7567614F-9A75-44A6-A5CC-53E9661952C0}.Debug|Any CPU.ActiveCfg = Debug|Any CPU
		{7567614F-9A75-44A6-A5CC-53E9661952C0}.Debug|Any CPU.Build.0 = Debug|Any CPU
		{7567614F-9A75-44A6-A5CC-53E9661952C0}.Release|Any CPU.ActiveCfg = Release|Any CPU
		{7567614F-9A75-44A6-A5CC-53E9661952C0}.Release|Any CPU.Build.0 = Release|Any CPU
		{6A04AF01-9C12-41FF-90B2-01E921CE4C71}.Debug|Any CPU.ActiveCfg = Debug|Any CPU
		{6A04AF01-9C12-41FF-90B2-01E921CE4C71}.Debug|Any CPU.Build.0 = Debug|Any CPU
		{6A04AF01-9C12-41FF-90B2-01E921CE4C71}.Release|Any CPU.ActiveCfg = Release|Any CPU
		{6A04AF01-9C12-41FF-90B2-01E921CE4C71}.Release|Any CPU.Build.0 = Release|Any CPU
		{B382EA58-DA4D-4083-9268-85E5EEDD2602}.Debug|Any CPU.ActiveCfg = Debug|Any CPU
		{B382EA58-DA4D-4083-9268-85E5EEDD2602}.Debug|Any CPU.Build.0 = Debug|Any CPU
		{B382EA58-DA4D-4083-9268-85E5EEDD2602}.Release|Any CPU.ActiveCfg = Release|Any CPU
		{B382EA58-DA4D-4083-9268-85E5EEDD2602}.Release|Any CPU.Build.0 = Release|Any CPU
	EndGlobalSection
	GlobalSection(SolutionProperties) = preSolution
		HideSolutionNode = FALSE
	EndGlobalSection
	GlobalSection(NestedProjects) = preSolution
		{DBEE7C96-B488-4B0C-9842-16A321703647} = {C9FC8A5B-63FC-46AF-AEA4-0BE4012C5968}
		{8FD8E73B-B063-43C6-B845-B63740807B59} = {C9FC8A5B-63FC-46AF-AEA4-0BE4012C5968}
		{4C4C94B6-4C49-46D2-AB87-A962B4787595} = {C9FC8A5B-63FC-46AF-AEA4-0BE4012C5968}
		{B7E384A1-298C-4C70-87B7-F2FB9E927723} = {C9FC8A5B-63FC-46AF-AEA4-0BE4012C5968}
		{421C1748-FD54-4D72-AC20-1F45821904DE} = {DBEE7C96-B488-4B0C-9842-16A321703647}
		{91C7068D-9A37-44EA-AAB2-9BA1545DDCD4} = {DBEE7C96-B488-4B0C-9842-16A321703647}
		{ADFDA1E5-7F3F-4F50-ADAD-DDCFC76266D9} = {DBEE7C96-B488-4B0C-9842-16A321703647}
		{E150B26E-95BF-45AF-AB9F-189B342EEDFD} = {4C4C94B6-4C49-46D2-AB87-A962B4787595}
		{9245937A-468E-490F-AC94-65446506C33D} = {4C4C94B6-4C49-46D2-AB87-A962B4787595}
		{DC54CB3F-B52B-4973-8F07-AF7CBF8297C1} = {B7E384A1-298C-4C70-87B7-F2FB9E927723}
		{F77588E0-906D-4C7F-85BA-547E3F93D3C6} = {421C1748-FD54-4D72-AC20-1F45821904DE}
		{7567614F-9A75-44A6-A5CC-53E9661952C0} = {91C7068D-9A37-44EA-AAB2-9BA1545DDCD4}
		{6A04AF01-9C12-41FF-90B2-01E921CE4C71} = {91C7068D-9A37-44EA-AAB2-9BA1545DDCD4}
		{B382EA58-DA4D-4083-9268-85E5EEDD2602} = {ADFDA1E5-7F3F-4F50-ADAD-DDCFC76266D9}
	EndGlobalSection
	GlobalSection(ExtensibilityGlobals) = postSolution
		SolutionGuid = {71AD3751-0D1D-4436-B3FB-FDD245006C5A}
	EndGlobalSection
EndGlobal
